
Microsoft Visual Studio Solution File, Format Version 12.00
# Visual Studio 14
VisualStudioVersion = 14.0.25420.1
MinimumVisualStudioVersion = 10.0.40219.1
Project("{8BC9CEB8-8B4A-11D0-8D11-00A0C91BC942}") = "杂项", "杂项\杂项.vcxproj", "{A88182B4-4D00-49A6-B739-FA71A86152A1}"
EndProject
Project("{8BC9CEB8-8B4A-11D0-8D11-00A0C91BC942}") = "vector", "vector\vector.vcxproj", "{B21030F8-63AB-4104-9687-E5E8D85320ED}"
EndProject
Project("{8BC9CEB8-8B4A-11D0-8D11-00A0C91BC942}") = "list", "List\List.vcxproj", "{0AA22B8E-44E8-41BD-A5BE-123D3748C7D1}"
EndProject
Project("{8BC9CEB8-8B4A-11D0-8D11-00A0C91BC942}") = "stack", "stack\stack.vcxproj", "{CB3AB864-7CEE-4FED-9F2B-D6975955A9D1}"
EndProject
Project("{8BC9CEB8-8B4A-11D0-8D11-00A0C91BC942}") = "EightEempresses", "EightEempresses\EightEempresses.vcxproj", "{9489157E-5679-4AC5-8EDE-9AEAAF3D2A7B}"
EndProject
Project("{8BC9CEB8-8B4A-11D0-8D11-00A0C91BC942}") = "Pathfinding", "Pathfinding\Pathfinding.vcxproj", "{086808BC-09DB-4A56-A55D-29BB077ACE96}"
EndProject
Project("{8BC9CEB8-8B4A-11D0-8D11-00A0C91BC942}") = "BinTree", "BinTree\BinTree.vcxproj", "{BA4D356B-1AED-4DEE-9526-7E8338C73AFF}"
EndProject
Project("{8BC9CEB8-8B4A-11D0-8D11-00A0C91BC942}") = "_share", "_share\_share.vcxproj", "{1830DC31-B906-43CD-83D2-EB5C3521E1AD}"
EndProject
Project("{8BC9CEB8-8B4A-11D0-8D11-00A0C91BC942}") = "UniPrint", "UniPrint\UniPrint.vcxproj", "{17433C5F-14E3-42D3-8C82-3031994868F7}"
EndProject
Project("{8BC9CEB8-8B4A-11D0-8D11-00A0C91BC942}") = "Bitmap", "Bitmap\Bitmap.vcxproj", "{FB8D5574-0D44-4AA5-84B9-61DE4CF86B26}"
EndProject
Global
	GlobalSection(SolutionConfigurationPlatforms) = preSolution
		Debug|x64 = Debug|x64
		Debug|x86 = Debug|x86
		Release|x64 = Release|x64
		Release|x86 = Release|x86
	EndGlobalSection
	GlobalSection(ProjectConfigurationPlatforms) = postSolution
		{A88182B4-4D00-49A6-B739-FA71A86152A1}.Debug|x64.ActiveCfg = Debug|x64
		{A88182B4-4D00-49A6-B739-FA71A86152A1}.Debug|x64.Build.0 = Debug|x64
		{A88182B4-4D00-49A6-B739-FA71A86152A1}.Debug|x86.ActiveCfg = Debug|Win32
		{A88182B4-4D00-49A6-B739-FA71A86152A1}.Debug|x86.Build.0 = Debug|Win32
		{A88182B4-4D00-49A6-B739-FA71A86152A1}.Release|x64.ActiveCfg = Release|x64
		{A88182B4-4D00-49A6-B739-FA71A86152A1}.Release|x64.Build.0 = Release|x64
		{A88182B4-4D00-49A6-B739-FA71A86152A1}.Release|x86.ActiveCfg = Release|Win32
		{A88182B4-4D00-49A6-B739-FA71A86152A1}.Release|x86.Build.0 = Release|Win32
		{B21030F8-63AB-4104-9687-E5E8D85320ED}.Debug|x64.ActiveCfg = Debug|x64
		{B21030F8-63AB-4104-9687-E5E8D85320ED}.Debug|x64.Build.0 = Debug|x64
		{B21030F8-63AB-4104-9687-E5E8D85320ED}.Debug|x86.ActiveCfg = Debug|Win32
		{B21030F8-63AB-4104-9687-E5E8D85320ED}.Debug|x86.Build.0 = Debug|Win32
		{B21030F8-63AB-4104-9687-E5E8D85320ED}.Release|x64.ActiveCfg = Release|x64
		{B21030F8-63AB-4104-9687-E5E8D85320ED}.Release|x64.Build.0 = Release|x64
		{B21030F8-63AB-4104-9687-E5E8D85320ED}.Release|x86.ActiveCfg = Release|Win32
		{B21030F8-63AB-4104-9687-E5E8D85320ED}.Release|x86.Build.0 = Release|Win32
		{0AA22B8E-44E8-41BD-A5BE-123D3748C7D1}.Debug|x64.ActiveCfg = Debug|x64
		{0AA22B8E-44E8-41BD-A5BE-123D3748C7D1}.Debug|x64.Build.0 = Debug|x64
		{0AA22B8E-44E8-41BD-A5BE-123D3748C7D1}.Debug|x86.ActiveCfg = Debug|Win32
		{0AA22B8E-44E8-41BD-A5BE-123D3748C7D1}.Debug|x86.Build.0 = Debug|Win32
		{0AA22B8E-44E8-41BD-A5BE-123D3748C7D1}.Release|x64.ActiveCfg = Release|x64
		{0AA22B8E-44E8-41BD-A5BE-123D3748C7D1}.Release|x64.Build.0 = Release|x64
		{0AA22B8E-44E8-41BD-A5BE-123D3748C7D1}.Release|x86.ActiveCfg = Release|Win32
		{0AA22B8E-44E8-41BD-A5BE-123D3748C7D1}.Release|x86.Build.0 = Release|Win32
		{CB3AB864-7CEE-4FED-9F2B-D6975955A9D1}.Debug|x64.ActiveCfg = Debug|x64
		{CB3AB864-7CEE-4FED-9F2B-D6975955A9D1}.Debug|x64.Build.0 = Debug|x64
		{CB3AB864-7CEE-4FED-9F2B-D6975955A9D1}.Debug|x86.ActiveCfg = Debug|Win32
		{CB3AB864-7CEE-4FED-9F2B-D6975955A9D1}.Debug|x86.Build.0 = Debug|Win32
		{CB3AB864-7CEE-4FED-9F2B-D6975955A9D1}.Release|x64.ActiveCfg = Release|x64
		{CB3AB864-7CEE-4FED-9F2B-D6975955A9D1}.Release|x64.Build.0 = Release|x64
		{CB3AB864-7CEE-4FED-9F2B-D6975955A9D1}.Release|x86.ActiveCfg = Release|Win32
		{CB3AB864-7CEE-4FED-9F2B-D6975955A9D1}.Release|x86.Build.0 = Release|Win32
		{9489157E-5679-4AC5-8EDE-9AEAAF3D2A7B}.Debug|x64.ActiveCfg = Debug|x64
		{9489157E-5679-4AC5-8EDE-9AEAAF3D2A7B}.Debug|x64.Build.0 = Debug|x64
		{9489157E-5679-4AC5-8EDE-9AEAAF3D2A7B}.Debug|x86.ActiveCfg = Debug|Win32
		{9489157E-5679-4AC5-8EDE-9AEAAF3D2A7B}.Debug|x86.Build.0 = Debug|Win32
		{9489157E-5679-4AC5-8EDE-9AEAAF3D2A7B}.Release|x64.ActiveCfg = Release|x64
		{9489157E-5679-4AC5-8EDE-9AEAAF3D2A7B}.Release|x64.Build.0 = Release|x64
		{9489157E-5679-4AC5-8EDE-9AEAAF3D2A7B}.Release|x86.ActiveCfg = Release|Win32
		{9489157E-5679-4AC5-8EDE-9AEAAF3D2A7B}.Release|x86.Build.0 = Release|Win32
		{086808BC-09DB-4A56-A55D-29BB077ACE96}.Debug|x64.ActiveCfg = Debug|x64
		{086808BC-09DB-4A56-A55D-29BB077ACE96}.Debug|x64.Build.0 = Debug|x64
		{086808BC-09DB-4A56-A55D-29BB077ACE96}.Debug|x86.ActiveCfg = Debug|Win32
		{086808BC-09DB-4A56-A55D-29BB077ACE96}.Debug|x86.Build.0 = Debug|Win32
		{086808BC-09DB-4A56-A55D-29BB077ACE96}.Release|x64.ActiveCfg = Release|x64
		{086808BC-09DB-4A56-A55D-29BB077ACE96}.Release|x64.Build.0 = Release|x64
		{086808BC-09DB-4A56-A55D-29BB077ACE96}.Release|x86.ActiveCfg = Release|Win32
		{086808BC-09DB-4A56-A55D-29BB077ACE96}.Release|x86.Build.0 = Release|Win32
		{BA4D356B-1AED-4DEE-9526-7E8338C73AFF}.Debug|x64.ActiveCfg = Release|x64
		{BA4D356B-1AED-4DEE-9526-7E8338C73AFF}.Debug|x64.Build.0 = Release|x64
		{BA4D356B-1AED-4DEE-9526-7E8338C73AFF}.Debug|x86.ActiveCfg = Debug|Win32
		{BA4D356B-1AED-4DEE-9526-7E8338C73AFF}.Debug|x86.Build.0 = Debug|Win32
		{BA4D356B-1AED-4DEE-9526-7E8338C73AFF}.Release|x64.ActiveCfg = Release|x64
		{BA4D356B-1AED-4DEE-9526-7E8338C73AFF}.Release|x64.Build.0 = Release|x64
		{BA4D356B-1AED-4DEE-9526-7E8338C73AFF}.Release|x86.ActiveCfg = Release|Win32
		{BA4D356B-1AED-4DEE-9526-7E8338C73AFF}.Release|x86.Build.0 = Release|Win32
		{1830DC31-B906-43CD-83D2-EB5C3521E1AD}.Debug|x64.ActiveCfg = Debug|x64
		{1830DC31-B906-43CD-83D2-EB5C3521E1AD}.Debug|x64.Build.0 = Debug|x64
		{1830DC31-B906-43CD-83D2-EB5C3521E1AD}.Debug|x86.ActiveCfg = Debug|Win32
		{1830DC31-B906-43CD-83D2-EB5C3521E1AD}.Debug|x86.Build.0 = Debug|Win32
		{1830DC31-B906-43CD-83D2-EB5C3521E1AD}.Release|x64.ActiveCfg = Release|x64
		{1830DC31-B906-43CD-83D2-EB5C3521E1AD}.Release|x64.Build.0 = Release|x64
		{1830DC31-B906-43CD-83D2-EB5C3521E1AD}.Release|x86.ActiveCfg = Release|Win32
		{1830DC31-B906-43CD-83D2-EB5C3521E1AD}.Release|x86.Build.0 = Release|Win32
		{17433C5F-14E3-42D3-8C82-3031994868F7}.Debug|x64.ActiveCfg = Debug|x64
		{17433C5F-14E3-42D3-8C82-3031994868F7}.Debug|x64.Build.0 = Debug|x64
		{17433C5F-14E3-42D3-8C82-3031994868F7}.Debug|x86.ActiveCfg = Debug|Win32
		{17433C5F-14E3-42D3-8C82-3031994868F7}.Debug|x86.Build.0 = Debug|Win32
		{17433C5F-14E3-42D3-8C82-3031994868F7}.Release|x64.ActiveCfg = Release|x64
		{17433C5F-14E3-42D3-8C82-3031994868F7}.Release|x64.Build.0 = Release|x64
		{17433C5F-14E3-42D3-8C82-3031994868F7}.Release|x86.ActiveCfg = Release|Win32
		{17433C5F-14E3-42D3-8C82-3031994868F7}.Release|x86.Build.0 = Release|Win32
		{FB8D5574-0D44-4AA5-84B9-61DE4CF86B26}.Debug|x64.ActiveCfg = Debug|x64
		{FB8D5574-0D44-4AA5-84B9-61DE4CF86B26}.Debug|x64.Build.0 = Debug|x64
		{FB8D5574-0D44-4AA5-84B9-61DE4CF86B26}.Debug|x86.ActiveCfg = Debug|Win32
		{FB8D5574-0D44-4AA5-84B9-61DE4CF86B26}.Debug|x86.Build.0 = Debug|Win32
		{FB8D5574-0D44-4AA5-84B9-61DE4CF86B26}.Release|x64.ActiveCfg = Release|x64
		{FB8D5574-0D44-4AA5-84B9-61DE4CF86B26}.Release|x64.Build.0 = Release|x64
		{FB8D5574-0D44-4AA5-84B9-61DE4CF86B26}.Release|x86.ActiveCfg = Release|Win32
		{FB8D5574-0D44-4AA5-84B9-61DE4CF86B26}.Release|x86.Build.0 = Release|Win32
	EndGlobalSection
	GlobalSection(SolutionProperties) = preSolution
		HideSolutionNode = FALSE
	EndGlobalSection
EndGlobal
