
Microsoft Visual Studio Solution File, Format Version 12.00
# Visual Studio 15
VisualStudioVersion = 15.0.26730.12
MinimumVisualStudioVersion = 10.0.40219.1
Project("{8BC9CEB8-8B4A-11D0-8D11-00A0C91BC942}") = "杂项", "杂项\杂项.vcxproj", "{A88182B4-4D00-49A6-B739-FA71A86152A1}"
EndProject
Project("{8BC9CEB8-8B4A-11D0-8D11-00A0C91BC942}") = "vector", "vector\vector.vcxproj", "{B21030F8-63AB-4104-9687-E5E8D85320ED}"
EndProject
Project("{8BC9CEB8-8B4A-11D0-8D11-00A0C91BC942}") = "list", "List\List.vcxproj", "{0AA22B8E-44E8-41BD-A5BE-123D3748C7D1}"
EndProject
Project("{8BC9CEB8-8B4A-11D0-8D11-00A0C91BC942}") = "stack", "stack\stack.vcxproj", "{CB3AB864-7CEE-4FED-9F2B-D6975955A9D1}"
EndProject
Project("{8BC9CEB8-8B4A-11D0-8D11-00A0C91BC942}") = "EightEempresses", "EightEempresses\EightEempresses.vcxproj", "{9489157E-5679-4AC5-8EDE-9AEAAF3D2A7B}"
EndProject
Project("{8BC9CEB8-8B4A-11D0-8D11-00A0C91BC942}") = "Pathfinding", "Pathfinding\Pathfinding.vcxproj", "{086808BC-09DB-4A56-A55D-29BB077ACE96}"
EndProject
Project("{8BC9CEB8-8B4A-11D0-8D11-00A0C91BC942}") = "BinTree", "BinTree\BinTree.vcxproj", "{BA4D356B-1AED-4DEE-9526-7E8338C73AFF}"
EndProject
Project("{8BC9CEB8-8B4A-11D0-8D11-00A0C91BC942}") = "_share", "_share\_share.vcxproj", "{1830DC31-B906-43CD-83D2-EB5C3521E1AD}"
EndProject
Project("{8BC9CEB8-8B4A-11D0-8D11-00A0C91BC942}") = "UniPrint", "UniPrint\UniPrint.vcxproj", "{17433C5F-14E3-42D3-8C82-3031994868F7}"
EndProject
Project("{8BC9CEB8-8B4A-11D0-8D11-00A0C91BC942}") = "Bitmap", "Bitmap\Bitmap.vcxproj", "{FB8D5574-0D44-4AA5-84B9-61DE4CF86B26}"
EndProject
Project("{8BC9CEB8-8B4A-11D0-8D11-00A0C91BC942}") = "Queue", "Queue\Queue.vcxproj", "{7B17D3B0-04B2-4776-8F0D-61E63148C533}"
EndProject
Project("{8BC9CEB8-8B4A-11D0-8D11-00A0C91BC942}") = "Huffman", "Huffman\Huffman.vcxproj", "{7DCEDEBD-1320-4B4A-98A9-BAA6E7C4246B}"
EndProject
Project("{8BC9CEB8-8B4A-11D0-8D11-00A0C91BC942}") = "GraphMatrix", "GraphMatrix\GraphMatrix.vcxproj", "{67097987-E643-4385-AC1E-EC0F23CF3C3E}"
EndProject
Project("{8BC9CEB8-8B4A-11D0-8D11-00A0C91BC942}") = "GraphAdjacencyList", "GraphAdjacencyList\GraphAdjacencyList.vcxproj", "{554866E1-DFF0-4AAD-A6D2-75495AC9D567}"
EndProject
Project("{8BC9CEB8-8B4A-11D0-8D11-00A0C91BC942}") = "PA", "PA\PA.vcxproj", "{E99D61CC-2603-4D4E-B312-2E66742277B4}"
EndProject
Project("{8BC9CEB8-8B4A-11D0-8D11-00A0C91BC942}") = "BST", "BST\BST.vcxproj", "{42EE59A0-96F7-46AE-AAFF-D4943B5C4EB1}"
EndProject
Project("{8BC9CEB8-8B4A-11D0-8D11-00A0C91BC942}") = "AVL", "AVL\AVL.vcxproj", "{D2418EA9-823E-4FEF-8E72-35CCBFF2057D}"
EndProject
Project("{8BC9CEB8-8B4A-11D0-8D11-00A0C91BC942}") = "test", "test\test.vcxproj", "{1A485219-A0CE-4E76-A91A-B5E91E6F797C}"
EndProject
Project("{8BC9CEB8-8B4A-11D0-8D11-00A0C91BC942}") = "Splay", "Splay\Splay.vcxproj", "{D40DBA55-A034-4708-9D61-72A92CB5CF67}"
EndProject
Project("{8BC9CEB8-8B4A-11D0-8D11-00A0C91BC942}") = "B_Tree", "B_Tree\B_Tree.vcxproj", "{B079A036-C722-4394-9304-B43575CFF00B}"
EndProject
Project("{8BC9CEB8-8B4A-11D0-8D11-00A0C91BC942}") = "RedBlackTree", "RedBlackTree\RedBlackTree.vcxproj", "{813484B9-0F1D-4568-9383-44562CA68ACE}"
EndProject
Project("{8BC9CEB8-8B4A-11D0-8D11-00A0C91BC942}") = "kdTree", "kdTree\kdTree.vcxproj", "{D6169FE9-DDE1-4293-9D4B-CD09A7157744}"
EndProject
Project("{8BC9CEB8-8B4A-11D0-8D11-00A0C91BC942}") = "Dictionary", "Dictionary\Dictionary.vcxproj", "{9B2009B1-1E22-4AA7-926A-16E477E13CF2}"
EndProject
Project("{8BC9CEB8-8B4A-11D0-8D11-00A0C91BC942}") = "Skiplist", "Skiplist\Skiplist.vcxproj", "{B9D60F0D-C502-41BF-833E-4ED2D691A645}"
EndProject
Project("{8BC9CEB8-8B4A-11D0-8D11-00A0C91BC942}") = "Entry", "Entry\Entry.vcxproj", "{FCFCFF2F-E60B-4082-A957-43CEB7DE3E49}"
EndProject
Project("{8BC9CEB8-8B4A-11D0-8D11-00A0C91BC942}") = "HashTable", "HashTable\HashTable.vcxproj", "{13ED9913-637F-4BA1-B74E-A86CC83F196B}"
EndProject
Project("{8BC9CEB8-8B4A-11D0-8D11-00A0C91BC942}") = "PriorityQueue", "PriorityQueue\PriorityQueue.vcxproj", "{34C5F6B3-1758-42DB-AA47-A952C52C6773}"
EndProject
Global
	GlobalSection(SolutionConfigurationPlatforms) = preSolution
		Debug|x64 = Debug|x64
		Debug|x86 = Debug|x86
		Release|x64 = Release|x64
		Release|x86 = Release|x86
	EndGlobalSection
	GlobalSection(ProjectConfigurationPlatforms) = postSolution
		{A88182B4-4D00-49A6-B739-FA71A86152A1}.Debug|x64.ActiveCfg = Debug|x64
		{A88182B4-4D00-49A6-B739-FA71A86152A1}.Debug|x64.Build.0 = Debug|x64
		{A88182B4-4D00-49A6-B739-FA71A86152A1}.Debug|x86.ActiveCfg = Debug|Win32
		{A88182B4-4D00-49A6-B739-FA71A86152A1}.Debug|x86.Build.0 = Debug|Win32
		{A88182B4-4D00-49A6-B739-FA71A86152A1}.Release|x64.ActiveCfg = Release|x64
		{A88182B4-4D00-49A6-B739-FA71A86152A1}.Release|x64.Build.0 = Release|x64
		{A88182B4-4D00-49A6-B739-FA71A86152A1}.Release|x86.ActiveCfg = Release|Win32
		{A88182B4-4D00-49A6-B739-FA71A86152A1}.Release|x86.Build.0 = Release|Win32
		{B21030F8-63AB-4104-9687-E5E8D85320ED}.Debug|x64.ActiveCfg = Debug|x64
		{B21030F8-63AB-4104-9687-E5E8D85320ED}.Debug|x64.Build.0 = Debug|x64
		{B21030F8-63AB-4104-9687-E5E8D85320ED}.Debug|x86.ActiveCfg = Debug|Win32
		{B21030F8-63AB-4104-9687-E5E8D85320ED}.Debug|x86.Build.0 = Debug|Win32
		{B21030F8-63AB-4104-9687-E5E8D85320ED}.Release|x64.ActiveCfg = Release|x64
		{B21030F8-63AB-4104-9687-E5E8D85320ED}.Release|x64.Build.0 = Release|x64
		{B21030F8-63AB-4104-9687-E5E8D85320ED}.Release|x86.ActiveCfg = Release|Win32
		{B21030F8-63AB-4104-9687-E5E8D85320ED}.Release|x86.Build.0 = Release|Win32
		{0AA22B8E-44E8-41BD-A5BE-123D3748C7D1}.Debug|x64.ActiveCfg = Debug|x64
		{0AA22B8E-44E8-41BD-A5BE-123D3748C7D1}.Debug|x64.Build.0 = Debug|x64
		{0AA22B8E-44E8-41BD-A5BE-123D3748C7D1}.Debug|x86.ActiveCfg = Debug|Win32
		{0AA22B8E-44E8-41BD-A5BE-123D3748C7D1}.Debug|x86.Build.0 = Debug|Win32
		{0AA22B8E-44E8-41BD-A5BE-123D3748C7D1}.Release|x64.ActiveCfg = Release|x64
		{0AA22B8E-44E8-41BD-A5BE-123D3748C7D1}.Release|x64.Build.0 = Release|x64
		{0AA22B8E-44E8-41BD-A5BE-123D3748C7D1}.Release|x86.ActiveCfg = Release|Win32
		{0AA22B8E-44E8-41BD-A5BE-123D3748C7D1}.Release|x86.Build.0 = Release|Win32
		{CB3AB864-7CEE-4FED-9F2B-D6975955A9D1}.Debug|x64.ActiveCfg = Debug|x64
		{CB3AB864-7CEE-4FED-9F2B-D6975955A9D1}.Debug|x64.Build.0 = Debug|x64
		{CB3AB864-7CEE-4FED-9F2B-D6975955A9D1}.Debug|x86.ActiveCfg = Debug|Win32
		{CB3AB864-7CEE-4FED-9F2B-D6975955A9D1}.Debug|x86.Build.0 = Debug|Win32
		{CB3AB864-7CEE-4FED-9F2B-D6975955A9D1}.Release|x64.ActiveCfg = Release|x64
		{CB3AB864-7CEE-4FED-9F2B-D6975955A9D1}.Release|x64.Build.0 = Release|x64
		{CB3AB864-7CEE-4FED-9F2B-D6975955A9D1}.Release|x86.ActiveCfg = Release|Win32
		{CB3AB864-7CEE-4FED-9F2B-D6975955A9D1}.Release|x86.Build.0 = Release|Win32
		{9489157E-5679-4AC5-8EDE-9AEAAF3D2A7B}.Debug|x64.ActiveCfg = Debug|x64
		{9489157E-5679-4AC5-8EDE-9AEAAF3D2A7B}.Debug|x64.Build.0 = Debug|x64
		{9489157E-5679-4AC5-8EDE-9AEAAF3D2A7B}.Debug|x86.ActiveCfg = Debug|Win32
		{9489157E-5679-4AC5-8EDE-9AEAAF3D2A7B}.Debug|x86.Build.0 = Debug|Win32
		{9489157E-5679-4AC5-8EDE-9AEAAF3D2A7B}.Release|x64.ActiveCfg = Release|x64
		{9489157E-5679-4AC5-8EDE-9AEAAF3D2A7B}.Release|x64.Build.0 = Release|x64
		{9489157E-5679-4AC5-8EDE-9AEAAF3D2A7B}.Release|x86.ActiveCfg = Release|Win32
		{9489157E-5679-4AC5-8EDE-9AEAAF3D2A7B}.Release|x86.Build.0 = Release|Win32
		{086808BC-09DB-4A56-A55D-29BB077ACE96}.Debug|x64.ActiveCfg = Debug|x64
		{086808BC-09DB-4A56-A55D-29BB077ACE96}.Debug|x64.Build.0 = Debug|x64
		{086808BC-09DB-4A56-A55D-29BB077ACE96}.Debug|x86.ActiveCfg = Debug|Win32
		{086808BC-09DB-4A56-A55D-29BB077ACE96}.Debug|x86.Build.0 = Debug|Win32
		{086808BC-09DB-4A56-A55D-29BB077ACE96}.Release|x64.ActiveCfg = Release|x64
		{086808BC-09DB-4A56-A55D-29BB077ACE96}.Release|x64.Build.0 = Release|x64
		{086808BC-09DB-4A56-A55D-29BB077ACE96}.Release|x86.ActiveCfg = Release|Win32
		{086808BC-09DB-4A56-A55D-29BB077ACE96}.Release|x86.Build.0 = Release|Win32
		{BA4D356B-1AED-4DEE-9526-7E8338C73AFF}.Debug|x64.ActiveCfg = Release|x64
		{BA4D356B-1AED-4DEE-9526-7E8338C73AFF}.Debug|x64.Build.0 = Release|x64
		{BA4D356B-1AED-4DEE-9526-7E8338C73AFF}.Debug|x86.ActiveCfg = Debug|Win32
		{BA4D356B-1AED-4DEE-9526-7E8338C73AFF}.Debug|x86.Build.0 = Debug|Win32
		{BA4D356B-1AED-4DEE-9526-7E8338C73AFF}.Release|x64.ActiveCfg = Release|x64
		{BA4D356B-1AED-4DEE-9526-7E8338C73AFF}.Release|x64.Build.0 = Release|x64
		{BA4D356B-1AED-4DEE-9526-7E8338C73AFF}.Release|x86.ActiveCfg = Release|Win32
		{BA4D356B-1AED-4DEE-9526-7E8338C73AFF}.Release|x86.Build.0 = Release|Win32
		{1830DC31-B906-43CD-83D2-EB5C3521E1AD}.Debug|x64.ActiveCfg = Debug|x64
		{1830DC31-B906-43CD-83D2-EB5C3521E1AD}.Debug|x64.Build.0 = Debug|x64
		{1830DC31-B906-43CD-83D2-EB5C3521E1AD}.Debug|x86.ActiveCfg = Debug|Win32
		{1830DC31-B906-43CD-83D2-EB5C3521E1AD}.Debug|x86.Build.0 = Debug|Win32
		{1830DC31-B906-43CD-83D2-EB5C3521E1AD}.Release|x64.ActiveCfg = Release|x64
		{1830DC31-B906-43CD-83D2-EB5C3521E1AD}.Release|x64.Build.0 = Release|x64
		{1830DC31-B906-43CD-83D2-EB5C3521E1AD}.Release|x86.ActiveCfg = Release|Win32
		{1830DC31-B906-43CD-83D2-EB5C3521E1AD}.Release|x86.Build.0 = Release|Win32
		{1830DC31-B906-43CD-83D2-EB5C3521E1AD}.Release|x86.Deploy.0 = Release|Win32
		{17433C5F-14E3-42D3-8C82-3031994868F7}.Debug|x64.ActiveCfg = Debug|x64
		{17433C5F-14E3-42D3-8C82-3031994868F7}.Debug|x64.Build.0 = Debug|x64
		{17433C5F-14E3-42D3-8C82-3031994868F7}.Debug|x86.ActiveCfg = Debug|Win32
		{17433C5F-14E3-42D3-8C82-3031994868F7}.Debug|x86.Build.0 = Debug|Win32
		{17433C5F-14E3-42D3-8C82-3031994868F7}.Release|x64.ActiveCfg = Release|x64
		{17433C5F-14E3-42D3-8C82-3031994868F7}.Release|x64.Build.0 = Release|x64
		{17433C5F-14E3-42D3-8C82-3031994868F7}.Release|x86.ActiveCfg = Release|Win32
		{17433C5F-14E3-42D3-8C82-3031994868F7}.Release|x86.Build.0 = Release|Win32
		{FB8D5574-0D44-4AA5-84B9-61DE4CF86B26}.Debug|x64.ActiveCfg = Debug|x64
		{FB8D5574-0D44-4AA5-84B9-61DE4CF86B26}.Debug|x64.Build.0 = Debug|x64
		{FB8D5574-0D44-4AA5-84B9-61DE4CF86B26}.Debug|x86.ActiveCfg = Debug|Win32
		{FB8D5574-0D44-4AA5-84B9-61DE4CF86B26}.Debug|x86.Build.0 = Debug|Win32
		{FB8D5574-0D44-4AA5-84B9-61DE4CF86B26}.Release|x64.ActiveCfg = Release|x64
		{FB8D5574-0D44-4AA5-84B9-61DE4CF86B26}.Release|x64.Build.0 = Release|x64
		{FB8D5574-0D44-4AA5-84B9-61DE4CF86B26}.Release|x86.ActiveCfg = Release|Win32
		{FB8D5574-0D44-4AA5-84B9-61DE4CF86B26}.Release|x86.Build.0 = Release|Win32
		{FB8D5574-0D44-4AA5-84B9-61DE4CF86B26}.Release|x86.Deploy.0 = Release|Win32
		{7B17D3B0-04B2-4776-8F0D-61E63148C533}.Debug|x64.ActiveCfg = Debug|x64
		{7B17D3B0-04B2-4776-8F0D-61E63148C533}.Debug|x64.Build.0 = Debug|x64
		{7B17D3B0-04B2-4776-8F0D-61E63148C533}.Debug|x86.ActiveCfg = Debug|Win32
		{7B17D3B0-04B2-4776-8F0D-61E63148C533}.Debug|x86.Build.0 = Debug|Win32
		{7B17D3B0-04B2-4776-8F0D-61E63148C533}.Release|x64.ActiveCfg = Release|x64
		{7B17D3B0-04B2-4776-8F0D-61E63148C533}.Release|x64.Build.0 = Release|x64
		{7B17D3B0-04B2-4776-8F0D-61E63148C533}.Release|x86.ActiveCfg = Release|Win32
		{7B17D3B0-04B2-4776-8F0D-61E63148C533}.Release|x86.Build.0 = Release|Win32
		{7DCEDEBD-1320-4B4A-98A9-BAA6E7C4246B}.Debug|x64.ActiveCfg = Debug|x64
		{7DCEDEBD-1320-4B4A-98A9-BAA6E7C4246B}.Debug|x64.Build.0 = Debug|x64
		{7DCEDEBD-1320-4B4A-98A9-BAA6E7C4246B}.Debug|x86.ActiveCfg = Debug|Win32
		{7DCEDEBD-1320-4B4A-98A9-BAA6E7C4246B}.Debug|x86.Build.0 = Debug|Win32
		{7DCEDEBD-1320-4B4A-98A9-BAA6E7C4246B}.Release|x64.ActiveCfg = Release|x64
		{7DCEDEBD-1320-4B4A-98A9-BAA6E7C4246B}.Release|x64.Build.0 = Release|x64
		{7DCEDEBD-1320-4B4A-98A9-BAA6E7C4246B}.Release|x86.ActiveCfg = Release|Win32
		{7DCEDEBD-1320-4B4A-98A9-BAA6E7C4246B}.Release|x86.Build.0 = Release|Win32
		{67097987-E643-4385-AC1E-EC0F23CF3C3E}.Debug|x64.ActiveCfg = Debug|x64
		{67097987-E643-4385-AC1E-EC0F23CF3C3E}.Debug|x64.Build.0 = Debug|x64
		{67097987-E643-4385-AC1E-EC0F23CF3C3E}.Debug|x86.ActiveCfg = Debug|Win32
		{67097987-E643-4385-AC1E-EC0F23CF3C3E}.Debug|x86.Build.0 = Debug|Win32
		{67097987-E643-4385-AC1E-EC0F23CF3C3E}.Release|x64.ActiveCfg = Release|x64
		{67097987-E643-4385-AC1E-EC0F23CF3C3E}.Release|x64.Build.0 = Release|x64
		{67097987-E643-4385-AC1E-EC0F23CF3C3E}.Release|x86.ActiveCfg = Release|Win32
		{67097987-E643-4385-AC1E-EC0F23CF3C3E}.Release|x86.Build.0 = Release|Win32
		{554866E1-DFF0-4AAD-A6D2-75495AC9D567}.Debug|x64.ActiveCfg = Debug|x64
		{554866E1-DFF0-4AAD-A6D2-75495AC9D567}.Debug|x64.Build.0 = Debug|x64
		{554866E1-DFF0-4AAD-A6D2-75495AC9D567}.Debug|x86.ActiveCfg = Debug|Win32
		{554866E1-DFF0-4AAD-A6D2-75495AC9D567}.Debug|x86.Build.0 = Debug|Win32
		{554866E1-DFF0-4AAD-A6D2-75495AC9D567}.Release|x64.ActiveCfg = Release|x64
		{554866E1-DFF0-4AAD-A6D2-75495AC9D567}.Release|x64.Build.0 = Release|x64
		{554866E1-DFF0-4AAD-A6D2-75495AC9D567}.Release|x86.ActiveCfg = Release|Win32
		{554866E1-DFF0-4AAD-A6D2-75495AC9D567}.Release|x86.Build.0 = Release|Win32
		{E99D61CC-2603-4D4E-B312-2E66742277B4}.Debug|x64.ActiveCfg = Debug|x64
		{E99D61CC-2603-4D4E-B312-2E66742277B4}.Debug|x64.Build.0 = Debug|x64
		{E99D61CC-2603-4D4E-B312-2E66742277B4}.Debug|x86.ActiveCfg = Debug|Win32
		{E99D61CC-2603-4D4E-B312-2E66742277B4}.Debug|x86.Build.0 = Debug|Win32
		{E99D61CC-2603-4D4E-B312-2E66742277B4}.Release|x64.ActiveCfg = Release|x64
		{E99D61CC-2603-4D4E-B312-2E66742277B4}.Release|x64.Build.0 = Release|x64
		{E99D61CC-2603-4D4E-B312-2E66742277B4}.Release|x86.ActiveCfg = Release|Win32
		{E99D61CC-2603-4D4E-B312-2E66742277B4}.Release|x86.Build.0 = Release|Win32
		{42EE59A0-96F7-46AE-AAFF-D4943B5C4EB1}.Debug|x64.ActiveCfg = Debug|x64
		{42EE59A0-96F7-46AE-AAFF-D4943B5C4EB1}.Debug|x64.Build.0 = Debug|x64
		{42EE59A0-96F7-46AE-AAFF-D4943B5C4EB1}.Debug|x86.ActiveCfg = Debug|Win32
		{42EE59A0-96F7-46AE-AAFF-D4943B5C4EB1}.Debug|x86.Build.0 = Debug|Win32
		{42EE59A0-96F7-46AE-AAFF-D4943B5C4EB1}.Release|x64.ActiveCfg = Release|x64
		{42EE59A0-96F7-46AE-AAFF-D4943B5C4EB1}.Release|x64.Build.0 = Release|x64
		{42EE59A0-96F7-46AE-AAFF-D4943B5C4EB1}.Release|x86.ActiveCfg = Release|Win32
		{42EE59A0-96F7-46AE-AAFF-D4943B5C4EB1}.Release|x86.Build.0 = Release|Win32
		{D2418EA9-823E-4FEF-8E72-35CCBFF2057D}.Debug|x64.ActiveCfg = Debug|x64
		{D2418EA9-823E-4FEF-8E72-35CCBFF2057D}.Debug|x64.Build.0 = Debug|x64
		{D2418EA9-823E-4FEF-8E72-35CCBFF2057D}.Debug|x86.ActiveCfg = Debug|Win32
		{D2418EA9-823E-4FEF-8E72-35CCBFF2057D}.Debug|x86.Build.0 = Debug|Win32
		{D2418EA9-823E-4FEF-8E72-35CCBFF2057D}.Release|x64.ActiveCfg = Release|x64
		{D2418EA9-823E-4FEF-8E72-35CCBFF2057D}.Release|x64.Build.0 = Release|x64
		{D2418EA9-823E-4FEF-8E72-35CCBFF2057D}.Release|x86.ActiveCfg = Release|Win32
		{D2418EA9-823E-4FEF-8E72-35CCBFF2057D}.Release|x86.Build.0 = Release|Win32
		{1A485219-A0CE-4E76-A91A-B5E91E6F797C}.Debug|x64.ActiveCfg = Debug|x64
		{1A485219-A0CE-4E76-A91A-B5E91E6F797C}.Debug|x64.Build.0 = Debug|x64
		{1A485219-A0CE-4E76-A91A-B5E91E6F797C}.Debug|x86.ActiveCfg = Debug|Win32
		{1A485219-A0CE-4E76-A91A-B5E91E6F797C}.Debug|x86.Build.0 = Debug|Win32
		{1A485219-A0CE-4E76-A91A-B5E91E6F797C}.Release|x64.ActiveCfg = Release|x64
		{1A485219-A0CE-4E76-A91A-B5E91E6F797C}.Release|x64.Build.0 = Release|x64
		{1A485219-A0CE-4E76-A91A-B5E91E6F797C}.Release|x86.ActiveCfg = Release|Win32
		{1A485219-A0CE-4E76-A91A-B5E91E6F797C}.Release|x86.Build.0 = Release|Win32
		{D40DBA55-A034-4708-9D61-72A92CB5CF67}.Debug|x64.ActiveCfg = Debug|x64
		{D40DBA55-A034-4708-9D61-72A92CB5CF67}.Debug|x64.Build.0 = Debug|x64
		{D40DBA55-A034-4708-9D61-72A92CB5CF67}.Debug|x86.ActiveCfg = Debug|Win32
		{D40DBA55-A034-4708-9D61-72A92CB5CF67}.Debug|x86.Build.0 = Debug|Win32
		{D40DBA55-A034-4708-9D61-72A92CB5CF67}.Release|x64.ActiveCfg = Release|x64
		{D40DBA55-A034-4708-9D61-72A92CB5CF67}.Release|x64.Build.0 = Release|x64
		{D40DBA55-A034-4708-9D61-72A92CB5CF67}.Release|x86.ActiveCfg = Release|Win32
		{D40DBA55-A034-4708-9D61-72A92CB5CF67}.Release|x86.Build.0 = Release|Win32
		{B079A036-C722-4394-9304-B43575CFF00B}.Debug|x64.ActiveCfg = Debug|x64
		{B079A036-C722-4394-9304-B43575CFF00B}.Debug|x64.Build.0 = Debug|x64
		{B079A036-C722-4394-9304-B43575CFF00B}.Debug|x86.ActiveCfg = Debug|Win32
		{B079A036-C722-4394-9304-B43575CFF00B}.Debug|x86.Build.0 = Debug|Win32
		{B079A036-C722-4394-9304-B43575CFF00B}.Release|x64.ActiveCfg = Release|x64
		{B079A036-C722-4394-9304-B43575CFF00B}.Release|x64.Build.0 = Release|x64
		{B079A036-C722-4394-9304-B43575CFF00B}.Release|x86.ActiveCfg = Release|Win32
		{B079A036-C722-4394-9304-B43575CFF00B}.Release|x86.Build.0 = Release|Win32
		{813484B9-0F1D-4568-9383-44562CA68ACE}.Debug|x64.ActiveCfg = Debug|x64
		{813484B9-0F1D-4568-9383-44562CA68ACE}.Debug|x64.Build.0 = Debug|x64
		{813484B9-0F1D-4568-9383-44562CA68ACE}.Debug|x86.ActiveCfg = Debug|Win32
		{813484B9-0F1D-4568-9383-44562CA68ACE}.Debug|x86.Build.0 = Debug|Win32
		{813484B9-0F1D-4568-9383-44562CA68ACE}.Release|x64.ActiveCfg = Release|x64
		{813484B9-0F1D-4568-9383-44562CA68ACE}.Release|x64.Build.0 = Release|x64
		{813484B9-0F1D-4568-9383-44562CA68ACE}.Release|x86.ActiveCfg = Release|Win32
		{813484B9-0F1D-4568-9383-44562CA68ACE}.Release|x86.Build.0 = Release|Win32
		{D6169FE9-DDE1-4293-9D4B-CD09A7157744}.Debug|x64.ActiveCfg = Debug|x64
		{D6169FE9-DDE1-4293-9D4B-CD09A7157744}.Debug|x64.Build.0 = Debug|x64
		{D6169FE9-DDE1-4293-9D4B-CD09A7157744}.Debug|x86.ActiveCfg = Debug|Win32
		{D6169FE9-DDE1-4293-9D4B-CD09A7157744}.Debug|x86.Build.0 = Debug|Win32
		{D6169FE9-DDE1-4293-9D4B-CD09A7157744}.Release|x64.ActiveCfg = Release|x64
		{D6169FE9-DDE1-4293-9D4B-CD09A7157744}.Release|x64.Build.0 = Release|x64
		{D6169FE9-DDE1-4293-9D4B-CD09A7157744}.Release|x86.ActiveCfg = Release|Win32
		{D6169FE9-DDE1-4293-9D4B-CD09A7157744}.Release|x86.Build.0 = Release|Win32
		{9B2009B1-1E22-4AA7-926A-16E477E13CF2}.Debug|x64.ActiveCfg = Debug|x64
		{9B2009B1-1E22-4AA7-926A-16E477E13CF2}.Debug|x64.Build.0 = Debug|x64
		{9B2009B1-1E22-4AA7-926A-16E477E13CF2}.Debug|x86.ActiveCfg = Debug|Win32
		{9B2009B1-1E22-4AA7-926A-16E477E13CF2}.Debug|x86.Build.0 = Debug|Win32
		{9B2009B1-1E22-4AA7-926A-16E477E13CF2}.Release|x64.ActiveCfg = Release|x64
		{9B2009B1-1E22-4AA7-926A-16E477E13CF2}.Release|x64.Build.0 = Release|x64
		{9B2009B1-1E22-4AA7-926A-16E477E13CF2}.Release|x86.ActiveCfg = Release|Win32
		{9B2009B1-1E22-4AA7-926A-16E477E13CF2}.Release|x86.Build.0 = Release|Win32
		{B9D60F0D-C502-41BF-833E-4ED2D691A645}.Debug|x64.ActiveCfg = Debug|x64
		{B9D60F0D-C502-41BF-833E-4ED2D691A645}.Debug|x64.Build.0 = Debug|x64
		{B9D60F0D-C502-41BF-833E-4ED2D691A645}.Debug|x86.ActiveCfg = Debug|Win32
		{B9D60F0D-C502-41BF-833E-4ED2D691A645}.Debug|x86.Build.0 = Debug|Win32
		{B9D60F0D-C502-41BF-833E-4ED2D691A645}.Release|x64.ActiveCfg = Release|x64
		{B9D60F0D-C502-41BF-833E-4ED2D691A645}.Release|x64.Build.0 = Release|x64
		{B9D60F0D-C502-41BF-833E-4ED2D691A645}.Release|x86.ActiveCfg = Release|Win32
		{B9D60F0D-C502-41BF-833E-4ED2D691A645}.Release|x86.Build.0 = Release|Win32
		{FCFCFF2F-E60B-4082-A957-43CEB7DE3E49}.Debug|x64.ActiveCfg = Debug|x64
		{FCFCFF2F-E60B-4082-A957-43CEB7DE3E49}.Debug|x64.Build.0 = Debug|x64
		{FCFCFF2F-E60B-4082-A957-43CEB7DE3E49}.Debug|x86.ActiveCfg = Debug|Win32
		{FCFCFF2F-E60B-4082-A957-43CEB7DE3E49}.Debug|x86.Build.0 = Debug|Win32
		{FCFCFF2F-E60B-4082-A957-43CEB7DE3E49}.Release|x64.ActiveCfg = Release|x64
		{FCFCFF2F-E60B-4082-A957-43CEB7DE3E49}.Release|x64.Build.0 = Release|x64
		{FCFCFF2F-E60B-4082-A957-43CEB7DE3E49}.Release|x86.ActiveCfg = Release|Win32
		{FCFCFF2F-E60B-4082-A957-43CEB7DE3E49}.Release|x86.Build.0 = Release|Win32
		{13ED9913-637F-4BA1-B74E-A86CC83F196B}.Debug|x64.ActiveCfg = Debug|x64
		{13ED9913-637F-4BA1-B74E-A86CC83F196B}.Debug|x64.Build.0 = Debug|x64
		{13ED9913-637F-4BA1-B74E-A86CC83F196B}.Debug|x86.ActiveCfg = Debug|Win32
		{13ED9913-637F-4BA1-B74E-A86CC83F196B}.Debug|x86.Build.0 = Debug|Win32
		{13ED9913-637F-4BA1-B74E-A86CC83F196B}.Release|x64.ActiveCfg = Release|x64
		{13ED9913-637F-4BA1-B74E-A86CC83F196B}.Release|x64.Build.0 = Release|x64
		{13ED9913-637F-4BA1-B74E-A86CC83F196B}.Release|x86.ActiveCfg = Release|Win32
		{13ED9913-637F-4BA1-B74E-A86CC83F196B}.Release|x86.Build.0 = Release|Win32
		{34C5F6B3-1758-42DB-AA47-A952C52C6773}.Debug|x64.ActiveCfg = Debug|x64
		{34C5F6B3-1758-42DB-AA47-A952C52C6773}.Debug|x64.Build.0 = Debug|x64
		{34C5F6B3-1758-42DB-AA47-A952C52C6773}.Debug|x86.ActiveCfg = Debug|Win32
		{34C5F6B3-1758-42DB-AA47-A952C52C6773}.Debug|x86.Build.0 = Debug|Win32
		{34C5F6B3-1758-42DB-AA47-A952C52C6773}.Release|x64.ActiveCfg = Release|x64
		{34C5F6B3-1758-42DB-AA47-A952C52C6773}.Release|x64.Build.0 = Release|x64
		{34C5F6B3-1758-42DB-AA47-A952C52C6773}.Release|x86.ActiveCfg = Release|Win32
		{34C5F6B3-1758-42DB-AA47-A952C52C6773}.Release|x86.Build.0 = Release|Win32
	EndGlobalSection
	GlobalSection(SolutionProperties) = preSolution
		HideSolutionNode = FALSE
	EndGlobalSection
	GlobalSection(ExtensibilityGlobals) = postSolution
		SolutionGuid = {F51F8521-DDBB-439E-8CE5-9DBCE032FB04}
	EndGlobalSection
EndGlobal
